
Microsoft Visual Studio Solution File, Format Version 12.00
# Visual Studio Version 17
VisualStudioVersion = 17.8.34525.116
MinimumVisualStudioVersion = 10.0.40219.1
Project("{FAE04EC0-301F-11D3-BF4B-00C04F79EFBC}") = "eShop", "eShop.csproj", "{6C786BD2-A396-4801-BC16-F195A05BCB28}"
EndProject
Global
	GlobalSection(SolutionConfigurationPlatforms) = preSolution
		Debug|Any CPU = Debug|Any CPU
		Release|Any CPU = Release|Any CPU
	EndGlobalSection
	GlobalSection(ProjectConfigurationPlatforms) = postSolution
		{6C786BD2-A396-4801-BC16-F195A05BCB28}.Debug|Any CPU.ActiveCfg = Debug|Any CPU
		{6C786BD2-A396-4801-BC16-F195A05BCB28}.Debug|Any CPU.Build.0 = Debug|Any CPU
		{6C786BD2-A396-4801-BC16-F195A05BCB28}.Release|Any CPU.ActiveCfg = Release|Any CPU
		{6C786BD2-A396-4801-BC16-F195A05BCB28}.Release|Any CPU.Build.0 = Release|Any CPU
	EndGlobalSection
	GlobalSection(SolutionProperties) = preSolution
		HideSolutionNode = FALSE
	EndGlobalSection
	GlobalSection(ExtensibilityGlobals) = postSolution
		SolutionGuid = {240C9086-FB57-41ED-A517-F0B71F113630}
	EndGlobalSection
EndGlobal
